hash: 570076168ccf6db5483729bf108b8169f3b4c442d8e82b9b4f9b39ca84291468
updated: 2017-12-21T07:27:17.458205863+09:00
imports:
- name: github.com/jdkato/prose
  version: 20d3663d4bc9dd10d75abcde9d92e04b4861c674
  subpackages:
  - '...'
- name: github.com/lib/pq
  version: b609790bd85edf8e9ab7e0f8912750a786177bcf
  subpackages:
  - oid
testImports: []
