hash: 570076168ccf6db5483729bf108b8169f3b4c442d8e82b9b4f9b39ca84291468
updated: 2017-12-22T14:31:04.704309011+09:00
imports:
- name: github.com/jdkato/prose
  version: 20d3663d4bc9dd10d75abcde9d92e04b4861c674
  subpackages:
  - '...'
  - internal/model
  - internal/util
  - tag
  - tokenize
- name: github.com/lib/pq
  version: b609790bd85edf8e9ab7e0f8912750a786177bcf
  subpackages:
  - oid
- name: github.com/montanaflynn/stats
  version: 1bf9dbcd8cbe1fdb75add3785b1d4a9a646269ab
- name: github.com/shogo82148/go-shuffle
  version: 59829097ff3b062427a69e2c461ef60523e37280
- name: gopkg.in/neurosnap/sentences.v1
  version: a7f18ead1433a139742a8b42ce7a059cfb484d60
  subpackages:
  - data
testImports: []
