# This file is autogenerated, do not edit; changes may be undone by the next 'dep ensure'.


[[projects]]
  name = "github.com/lib/pq"
  packages = [
    ".",
    "oid"
  ]
  revision = "b609790bd85edf8e9ab7e0f8912750a786177bcf"

[solve-meta]
  analyzer-name = "dep"
  analyzer-version = 1
  inputs-digest = "bb632315caf5a27f66ad8f335694fe3283078f62ad428d986307ad844d1cc1b4"
  solver-name = "gps-cdcl"
  solver-version = 1
